
Microsoft Visual Studio Solution File, Format Version 12.00
# Visual Studio Version 16
VisualStudioVersion = 16.0.29728.190
MinimumVisualStudioVersion = 10.0.40219.1
Project("{2150E333-8FDC-42A3-9474-1A3956D46DE8}") = "BasicAuth", "BasicAuth", "{1E4EEF8D-CFB5-4216-B4E2-28460B85AEBE}"
EndProject
Project("{2150E333-8FDC-42A3-9474-1A3956D46DE8}") = "OAuth", "OAuth", "{96806E31-2FBE-4B83-84B1-9B1BD7C835EC}"
EndProject
Project("{2150E333-8FDC-42A3-9474-1A3956D46DE8}") = "IdentityServer4", "IdentityServer4", "{F6806199-B4AE-4857-89BC-806549528CC5}"
EndProject
Project("{9A19103F-16F7-4668-BE54-9A1E7A4F7556}") = "BasicAuthentication", "src\BasicAuthentication\BasicAuthentication.csproj", "{911874CB-400C-47FB-AB16-7B351CCE468F}"
EndProject
Project("{9A19103F-16F7-4668-BE54-9A1E7A4F7556}") = "IdentityAuthentication", "src\IdentityAuthentication\IdentityAuthentication.csproj", "{20EACB15-C0A7-4116-A8EB-CB0E27F5D3A8}"
EndProject
Project("{9A19103F-16F7-4668-BE54-9A1E7A4F7556}") = "PolicyBasedAuthorization", "src\PolicyBasedAuthorization\PolicyBasedAuthorization.csproj", "{C6C5467C-15F2-43DC-8F49-4F922CC1BD22}"
EndProject
Project("{9A19103F-16F7-4668-BE54-9A1E7A4F7556}") = "OAuthServer", "src\OAuthServer\OAuthServer.csproj", "{DCE5CBA1-8E90-431E-8539-207F86B0B3B8}"
EndProject
Project("{9A19103F-16F7-4668-BE54-9A1E7A4F7556}") = "OAuthClient", "src\OAuthClient\OAuthClient.csproj", "{00718535-D212-4C97-9B8B-5C60E5F6A302}"
EndProject
Project("{9A19103F-16F7-4668-BE54-9A1E7A4F7556}") = "OAuthApi", "src\OAuthApi\OAuthApi.csproj", "{35B87C95-3537-45F0-BFF8-34904C817632}"
EndProject
Project("{9A19103F-16F7-4668-BE54-9A1E7A4F7556}") = "OAuthApp", "src\OAuth\OAuthApp.csproj", "{52F56E72-9E24-49AC-BD84-36A6776E047E}"
EndProject
Project("{9A19103F-16F7-4668-BE54-9A1E7A4F7556}") = "IdentityServer", "src\IdentityServer4\IdentityServer.csproj", "{1510DB87-7BFF-4877-A610-AB4BB54C4653}"
EndProject
Project("{9A19103F-16F7-4668-BE54-9A1E7A4F7556}") = "ApiTwo", "src\ApiTwo\ApiTwo.csproj", "{955C8801-F19C-42FB-BA1A-927DD4CFF3B2}"
EndProject
Project("{9A19103F-16F7-4668-BE54-9A1E7A4F7556}") = "ApiOne", "src\ApiOne\ApiOne.csproj", "{C3AADC58-31B8-4397-9442-C1DCE2F2A95C}"
EndProject
Project("{9A19103F-16F7-4668-BE54-9A1E7A4F7556}") = "MvcClient", "src\MvcClient\MvcClient.csproj", "{2EB01399-78DA-4ACD-8DFF-E533A9BBF636}"
EndProject
Project("{9A19103F-16F7-4668-BE54-9A1E7A4F7556}") = "JavascriptClient", "src\JavascriptClient\JavascriptClient.csproj", "{06E5B13F-EBCD-4583-B73F-5466A5ECEB25}"
EndProject
Global
	GlobalSection(SolutionConfigurationPlatforms) = preSolution
		Debug|Any CPU = Debug|Any CPU
		Release|Any CPU = Release|Any CPU
	EndGlobalSection
	GlobalSection(ProjectConfigurationPlatforms) = postSolution
		{911874CB-400C-47FB-AB16-7B351CCE468F}.Debug|Any CPU.ActiveCfg = Debug|Any CPU
		{911874CB-400C-47FB-AB16-7B351CCE468F}.Debug|Any CPU.Build.0 = Debug|Any CPU
		{911874CB-400C-47FB-AB16-7B351CCE468F}.Release|Any CPU.ActiveCfg = Release|Any CPU
		{911874CB-400C-47FB-AB16-7B351CCE468F}.Release|Any CPU.Build.0 = Release|Any CPU
		{20EACB15-C0A7-4116-A8EB-CB0E27F5D3A8}.Debug|Any CPU.ActiveCfg = Debug|Any CPU
		{20EACB15-C0A7-4116-A8EB-CB0E27F5D3A8}.Debug|Any CPU.Build.0 = Debug|Any CPU
		{20EACB15-C0A7-4116-A8EB-CB0E27F5D3A8}.Release|Any CPU.ActiveCfg = Release|Any CPU
		{20EACB15-C0A7-4116-A8EB-CB0E27F5D3A8}.Release|Any CPU.Build.0 = Release|Any CPU
		{C6C5467C-15F2-43DC-8F49-4F922CC1BD22}.Debug|Any CPU.ActiveCfg = Debug|Any CPU
		{C6C5467C-15F2-43DC-8F49-4F922CC1BD22}.Debug|Any CPU.Build.0 = Debug|Any CPU
		{C6C5467C-15F2-43DC-8F49-4F922CC1BD22}.Release|Any CPU.ActiveCfg = Release|Any CPU
		{C6C5467C-15F2-43DC-8F49-4F922CC1BD22}.Release|Any CPU.Build.0 = Release|Any CPU
		{DCE5CBA1-8E90-431E-8539-207F86B0B3B8}.Debug|Any CPU.ActiveCfg = Debug|Any CPU
		{DCE5CBA1-8E90-431E-8539-207F86B0B3B8}.Debug|Any CPU.Build.0 = Debug|Any CPU
		{DCE5CBA1-8E90-431E-8539-207F86B0B3B8}.Release|Any CPU.ActiveCfg = Release|Any CPU
		{DCE5CBA1-8E90-431E-8539-207F86B0B3B8}.Release|Any CPU.Build.0 = Release|Any CPU
		{00718535-D212-4C97-9B8B-5C60E5F6A302}.Debug|Any CPU.ActiveCfg = Debug|Any CPU
		{00718535-D212-4C97-9B8B-5C60E5F6A302}.Debug|Any CPU.Build.0 = Debug|Any CPU
		{00718535-D212-4C97-9B8B-5C60E5F6A302}.Release|Any CPU.ActiveCfg = Release|Any CPU
		{00718535-D212-4C97-9B8B-5C60E5F6A302}.Release|Any CPU.Build.0 = Release|Any CPU
		{35B87C95-3537-45F0-BFF8-34904C817632}.Debug|Any CPU.ActiveCfg = Debug|Any CPU
		{35B87C95-3537-45F0-BFF8-34904C817632}.Debug|Any CPU.Build.0 = Debug|Any CPU
		{35B87C95-3537-45F0-BFF8-34904C817632}.Release|Any CPU.ActiveCfg = Release|Any CPU
		{35B87C95-3537-45F0-BFF8-34904C817632}.Release|Any CPU.Build.0 = Release|Any CPU
		{52F56E72-9E24-49AC-BD84-36A6776E047E}.Debug|Any CPU.ActiveCfg = Debug|Any CPU
		{52F56E72-9E24-49AC-BD84-36A6776E047E}.Debug|Any CPU.Build.0 = Debug|Any CPU
		{52F56E72-9E24-49AC-BD84-36A6776E047E}.Release|Any CPU.ActiveCfg = Release|Any CPU
		{52F56E72-9E24-49AC-BD84-36A6776E047E}.Release|Any CPU.Build.0 = Release|Any CPU
		{1510DB87-7BFF-4877-A610-AB4BB54C4653}.Debug|Any CPU.ActiveCfg = Debug|Any CPU
		{1510DB87-7BFF-4877-A610-AB4BB54C4653}.Debug|Any CPU.Build.0 = Debug|Any CPU
		{1510DB87-7BFF-4877-A610-AB4BB54C4653}.Release|Any CPU.ActiveCfg = Release|Any CPU
		{1510DB87-7BFF-4877-A610-AB4BB54C4653}.Release|Any CPU.Build.0 = Release|Any CPU
		{955C8801-F19C-42FB-BA1A-927DD4CFF3B2}.Debug|Any CPU.ActiveCfg = Debug|Any CPU
		{955C8801-F19C-42FB-BA1A-927DD4CFF3B2}.Debug|Any CPU.Build.0 = Debug|Any CPU
		{955C8801-F19C-42FB-BA1A-927DD4CFF3B2}.Release|Any CPU.ActiveCfg = Release|Any CPU
		{955C8801-F19C-42FB-BA1A-927DD4CFF3B2}.Release|Any CPU.Build.0 = Release|Any CPU
		{C3AADC58-31B8-4397-9442-C1DCE2F2A95C}.Debug|Any CPU.ActiveCfg = Debug|Any CPU
		{C3AADC58-31B8-4397-9442-C1DCE2F2A95C}.Debug|Any CPU.Build.0 = Debug|Any CPU
		{C3AADC58-31B8-4397-9442-C1DCE2F2A95C}.Release|Any CPU.ActiveCfg = Release|Any CPU
		{C3AADC58-31B8-4397-9442-C1DCE2F2A95C}.Release|Any CPU.Build.0 = Release|Any CPU
		{2EB01399-78DA-4ACD-8DFF-E533A9BBF636}.Debug|Any CPU.ActiveCfg = Debug|Any CPU
		{2EB01399-78DA-4ACD-8DFF-E533A9BBF636}.Debug|Any CPU.Build.0 = Debug|Any CPU
		{2EB01399-78DA-4ACD-8DFF-E533A9BBF636}.Release|Any CPU.ActiveCfg = Release|Any CPU
		{2EB01399-78DA-4ACD-8DFF-E533A9BBF636}.Release|Any CPU.Build.0 = Release|Any CPU
		{06E5B13F-EBCD-4583-B73F-5466A5ECEB25}.Debug|Any CPU.ActiveCfg = Debug|Any CPU
		{06E5B13F-EBCD-4583-B73F-5466A5ECEB25}.Debug|Any CPU.Build.0 = Debug|Any CPU
		{06E5B13F-EBCD-4583-B73F-5466A5ECEB25}.Release|Any CPU.ActiveCfg = Release|Any CPU
		{06E5B13F-EBCD-4583-B73F-5466A5ECEB25}.Release|Any CPU.Build.0 = Release|Any CPU
	EndGlobalSection
	GlobalSection(SolutionProperties) = preSolution
		HideSolutionNode = FALSE
	EndGlobalSection
	GlobalSection(NestedProjects) = preSolution
		{911874CB-400C-47FB-AB16-7B351CCE468F} = {1E4EEF8D-CFB5-4216-B4E2-28460B85AEBE}
		{20EACB15-C0A7-4116-A8EB-CB0E27F5D3A8} = {1E4EEF8D-CFB5-4216-B4E2-28460B85AEBE}
		{C6C5467C-15F2-43DC-8F49-4F922CC1BD22} = {1E4EEF8D-CFB5-4216-B4E2-28460B85AEBE}
		{DCE5CBA1-8E90-431E-8539-207F86B0B3B8} = {96806E31-2FBE-4B83-84B1-9B1BD7C835EC}
		{00718535-D212-4C97-9B8B-5C60E5F6A302} = {96806E31-2FBE-4B83-84B1-9B1BD7C835EC}
		{35B87C95-3537-45F0-BFF8-34904C817632} = {96806E31-2FBE-4B83-84B1-9B1BD7C835EC}
		{52F56E72-9E24-49AC-BD84-36A6776E047E} = {96806E31-2FBE-4B83-84B1-9B1BD7C835EC}
		{1510DB87-7BFF-4877-A610-AB4BB54C4653} = {F6806199-B4AE-4857-89BC-806549528CC5}
		{955C8801-F19C-42FB-BA1A-927DD4CFF3B2} = {F6806199-B4AE-4857-89BC-806549528CC5}
		{C3AADC58-31B8-4397-9442-C1DCE2F2A95C} = {F6806199-B4AE-4857-89BC-806549528CC5}
		{2EB01399-78DA-4ACD-8DFF-E533A9BBF636} = {F6806199-B4AE-4857-89BC-806549528CC5}
		{06E5B13F-EBCD-4583-B73F-5466A5ECEB25} = {F6806199-B4AE-4857-89BC-806549528CC5}
	EndGlobalSection
	GlobalSection(ExtensibilityGlobals) = postSolution
		SolutionGuid = {C3EE8EA0-0174-4EC2-953E-250058E4B1AC}
	EndGlobalSection
EndGlobal
